
Microsoft Visual Studio Solution File, Format Version 12.00
# Visual Studio Version 17
VisualStudioVersion = 17.6.33723.286
MinimumVisualStudioVersion = 10.0.40219.1
Project("{FAE04EC0-301F-11D3-BF4B-00C04F79EFBC}") = "WindowsService1_Lorenzo_Manzo", "WindowsService1_Lorenzo_Manzo.csproj", "{8111B76E-9BB6-470C-911B-E57560790DEF}"
EndProject
Global
	GlobalSection(SolutionConfigurationPlatforms) = preSolution
		Debug|Any CPU = Debug|Any CPU
		Release|Any CPU = Release|Any CPU
	EndGlobalSection
	GlobalSection(ProjectConfigurationPlatforms) = postSolution
		{8111B76E-9BB6-470C-911B-E57560790DEF}.Debug|Any CPU.ActiveCfg = Debug|Any CPU
		{8111B76E-9BB6-470C-911B-E57560790DEF}.Debug|Any CPU.Build.0 = Debug|Any CPU
		{8111B76E-9BB6-470C-911B-E57560790DEF}.Release|Any CPU.ActiveCfg = Release|Any CPU
		{8111B76E-9BB6-470C-911B-E57560790DEF}.Release|Any CPU.Build.0 = Release|Any CPU
	EndGlobalSection
	GlobalSection(SolutionProperties) = preSolution
		HideSolutionNode = FALSE
	EndGlobalSection
	GlobalSection(ExtensibilityGlobals) = postSolution
		SolutionGuid = {66CDEF93-ACBB-4FE4-BE79-A299D39B324A}
	EndGlobalSection
EndGlobal
